
Microsoft Visual Studio Solution File, Format Version 12.00
# Visual Studio 2015
Project("{FAE04EC0-301F-11D3-BF4B-00C04F79EFBC}") = "Unity_3D_Animation", "Unity_3D_Animation.csproj", "{4AC50858-3E87-3F23-8B9E-F565291D47A5}"
EndProject
Global
	GlobalSection(SolutionConfigurationPlatforms) = preSolution
		Debug|Any CPU = Debug|Any CPU
		Release|Any CPU = Release|Any CPU
	EndGlobalSection
	GlobalSection(ProjectConfigurationPlatforms) = postSolution
		{4AC50858-3E87-3F23-8B9E-F565291D47A5}.Debug|Any CPU.ActiveCfg = Debug|Any CPU
		{4AC50858-3E87-3F23-8B9E-F565291D47A5}.Debug|Any CPU.Build.0 = Debug|Any CPU
		{4AC50858-3E87-3F23-8B9E-F565291D47A5}.Release|Any CPU.ActiveCfg = Release|Any CPU
		{4AC50858-3E87-3F23-8B9E-F565291D47A5}.Release|Any CPU.Build.0 = Release|Any CPU
	EndGlobalSection
	GlobalSection(SolutionProperties) = preSolution
		HideSolutionNode = FALSE
	EndGlobalSection
EndGlobal
